// !$*UTF8*$!
{
	archiveVersion = 1;
	classes = {
	};
	objectVersion = 46;
	objects = {

/* Begin PBXBuildFile section */
		1D3623260D0F684500981E51 /* StorkAppDelegate.m in Sources */ = {isa = PBXBuildFile; fileRef = 1D3623250D0F684500981E51 /* StorkAppDelegate.m */; };
		1D60589B0D05DD56006BFB54 /* main.m in Sources */ = {isa = PBXBuildFile; fileRef = 29B97316FDCFA39411CA2CEA /* main.m */; };
		1D60589F0D05DD5A006BFB54 /* Foundation.framework in Frameworks */ = {isa = PBXBuildFile; fileRef = 1D30AB110D05D00D00671497 /* Foundation.framework */; };
		1DF5F4E00D08C38300B7A737 /* UIKit.framework in Frameworks */ = {isa = PBXBuildFile; fileRef = 1DF5F4DF0D08C38300B7A737 /* UIKit.framework */; };
		288765A50DF7441C002DB57D /* CoreGraphics.framework in Frameworks */ = {isa = PBXBuildFile; fileRef = 288765A40DF7441C002DB57D /* CoreGraphics.framework */; };
		28AD733F0D9D9553002E5188 /* MainWindow.xib in Resources */ = {isa = PBXBuildFile; fileRef = 28AD733E0D9D9553002E5188 /* MainWindow.xib */; };
		CE71291E15339EB80034DD62 /* checkbox.png in Resources */ = {isa = PBXBuildFile; fileRef = CE71291A15339EB80034DD62 /* checkbox.png */; };
		CE71291F15339EB80034DD62 /* checkbox_empty.png in Resources */ = {isa = PBXBuildFile; fileRef = CE71291B15339EB80034DD62 /* checkbox_empty.png */; };
		CE71292015339EB80034DD62 /* checkbox_full.png in Resources */ = {isa = PBXBuildFile; fileRef = CE71291C15339EB80034DD62 /* checkbox_full.png */; };
		CE71292115339EB80034DD62 /* checkbox-checked.png in Resources */ = {isa = PBXBuildFile; fileRef = CE71291D15339EB80034DD62 /* checkbox-checked.png */; };
		CE71292415339EF00034DD62 /* minus.png in Resources */ = {isa = PBXBuildFile; fileRef = CE71292215339EF00034DD62 /* minus.png */; };
		CE71292515339EF00034DD62 /* plus.png in Resources */ = {isa = PBXBuildFile; fileRef = CE71292315339EF00034DD62 /* plus.png */; };
		CE71293615339F9A0034DD62 /* Stack.m in Sources */ = {isa = PBXBuildFile; fileRef = CE71292F15339F9A0034DD62 /* Stack.m */; };
		CE71293715339F9A0034DD62 /* Tree.m in Sources */ = {isa = PBXBuildFile; fileRef = CE71293115339F9A0034DD62 /* Tree.m */; };
		CE71293815339F9A0034DD62 /* TreeNode.m in Sources */ = {isa = PBXBuildFile; fileRef = CE71293315339F9A0034DD62 /* TreeNode.m */; };
		CE71293915339F9A0034DD62 /* TreeNodeCell.m in Sources */ = {isa = PBXBuildFile; fileRef = CE71293515339F9A0034DD62 /* TreeNodeCell.m */; };
		CE73130F1533BC6E00CE51D2 /* folder_small.png in Resources */ = {isa = PBXBuildFile; fileRef = CE73130E1533BC6E00CE51D2 /* folder_small.png */; };
		CE7DD13E1507D2DA0011FBC6 /* HTTPHandler.m in Sources */ = {isa = PBXBuildFile; fileRef = CE7DD13D1507D2DA0011FBC6 /* HTTPHandler.m */; };
		CE836EE314FD7CD700F85032 /* HomeServerViewController.m in Sources */ = {isa = PBXBuildFile; fileRef = CE836EE214FD7CD700F85032 /* HomeServerViewController.m */; };
		CE836EE614FD7CF300F85032 /* RemoteServerViewController.m in Sources */ = {isa = PBXBuildFile; fileRef = CE836EE514FD7CF300F85032 /* RemoteServerViewController.m */; };
		CE8370B214FDA08400F85032 /* ServerListViewCell.m in Sources */ = {isa = PBXBuildFile; fileRef = CE8370B114FDA08400F85032 /* ServerListViewCell.m */; };
		CE8370B514FDA74D00F85032 /* DataAdapter.m in Sources */ = {isa = PBXBuildFile; fileRef = CE8370B414FDA74D00F85032 /* DataAdapter.m */; };
		CE83FA18153E4EB80059AD87 /* ServerInformation.m in Sources */ = {isa = PBXBuildFile; fileRef = CE83FA17153E4EB80059AD87 /* ServerInformation.m */; };
		CE8524E61505EBD20089F406 /* QuartzCore.framework in Frameworks */ = {isa = PBXBuildFile; fileRef = CE8524E51505EBD20089F406 /* QuartzCore.framework */; };
		CE85255D150672950089F406 /* DummyMainController.m in Sources */ = {isa = PBXBuildFile; fileRef = CE85255C150672950089F406 /* DummyMainController.m */; };
		CE86265F151139CB00C717FC /* DLSController.m in Sources */ = {isa = PBXBuildFile; fileRef = CE86265E151139CB00C717FC /* DLSController.m */; };
/* End PBXBuildFile section */

/* Begin PBXFileReference section */
		1D30AB110D05D00D00671497 /* Foundation.framework */ = {isa = PBXFileReference; lastKnownFileType = wrapper.framework; name = Foundation.framework; path = System/Library/Frameworks/Foundation.framework; sourceTree = SDKROOT; };
		1D3623240D0F684500981E51 /* StorkAppDelegate.h */ = {isa = PBXFileReference; fileEncoding = 4; lastKnownFileType = sourcecode.c.h; path = StorkAppDelegate.h; sourceTree = "<group>"; };
		1D3623250D0F684500981E51 /* StorkAppDelegate.m */ = {isa = PBXFileReference; fileEncoding = 4; lastKnownFileType = sourcecode.c.objc; path = StorkAppDelegate.m; sourceTree = "<group>"; };
		1D6058910D05DD3D006BFB54 /* Stork.app */ = {isa = PBXFileReference; explicitFileType = wrapper.application; includeInIndex = 0; path = Stork.app; sourceTree = BUILT_PRODUCTS_DIR; };
		1DF5F4DF0D08C38300B7A737 /* UIKit.framework */ = {isa = PBXFileReference; lastKnownFileType = wrapper.framework; name = UIKit.framework; path = System/Library/Frameworks/UIKit.framework; sourceTree = SDKROOT; };
		288765A40DF7441C002DB57D /* CoreGraphics.framework */ = {isa = PBXFileReference; lastKnownFileType = wrapper.framework; name = CoreGraphics.framework; path = System/Library/Frameworks/CoreGraphics.framework; sourceTree = SDKROOT; };
		28AD733E0D9D9553002E5188 /* MainWindow.xib */ = {isa = PBXFileReference; lastKnownFileType = file.xib; path = MainWindow.xib; sourceTree = "<group>"; };
		29B97316FDCFA39411CA2CEA /* main.m */ = {isa = PBXFileReference; fileEncoding = 4; lastKnownFileType = sourcecode.c.objc; path = main.m; sourceTree = "<group>"; };
		32CA4F630368D1EE00C91783 /* Stork_Prefix.pch */ = {isa = PBXFileReference; fileEncoding = 4; lastKnownFileType = sourcecode.c.h; path = Stork_Prefix.pch; sourceTree = "<group>"; };
		8D1107310486CEB800E47090 /* Stork-Info.plist */ = {isa = PBXFileReference; fileEncoding = 4; lastKnownFileType = text.plist.xml; path = "Stork-Info.plist"; plistStructureDefinitionIdentifier = "com.apple.xcode.plist.structure-definition.iphone.info-plist"; sourceTree = "<group>"; };
		CE71291A15339EB80034DD62 /* checkbox.png */ = {isa = PBXFileReference; lastKnownFileType = image.png; path = checkbox.png; sourceTree = "<group>"; };
		CE71291B15339EB80034DD62 /* checkbox_empty.png */ = {isa = PBXFileReference; lastKnownFileType = image.png; path = checkbox_empty.png; sourceTree = "<group>"; };
		CE71291C15339EB80034DD62 /* checkbox_full.png */ = {isa = PBXFileReference; lastKnownFileType = image.png; path = checkbox_full.png; sourceTree = "<group>"; };
		CE71291D15339EB80034DD62 /* checkbox-checked.png */ = {isa = PBXFileReference; lastKnownFileType = image.png; path = "checkbox-checked.png"; sourceTree = "<group>"; };
		CE71292215339EF00034DD62 /* minus.png */ = {isa = PBXFileReference; lastKnownFileType = image.png; path = minus.png; sourceTree = "<group>"; };
		CE71292315339EF00034DD62 /* plus.png */ = {isa = PBXFileReference; lastKnownFileType = image.png; path = plus.png; sourceTree = "<group>"; };
		CE71292E15339F9A0034DD62 /* Stack.h */ = {isa = PBXFileReference; fileEncoding = 4; lastKnownFileType = sourcecode.c.h; path = Stack.h; sourceTree = "<group>"; };
		CE71292F15339F9A0034DD62 /* Stack.m */ = {isa = PBXFileReference; fileEncoding = 4; lastKnownFileType = sourcecode.c.objc; path = Stack.m; sourceTree = "<group>"; };
		CE71293015339F9A0034DD62 /* Tree.h */ = {isa = PBXFileReference; fileEncoding = 4; lastKnownFileType = sourcecode.c.h; path = Tree.h; sourceTree = "<group>"; };
		CE71293115339F9A0034DD62 /* Tree.m */ = {isa = PBXFileReference; fileEncoding = 4; lastKnownFileType = sourcecode.c.objc; path = Tree.m; sourceTree = "<group>"; };
		CE71293215339F9A0034DD62 /* TreeNode.h */ = {isa = PBXFileReference; fileEncoding = 4; lastKnownFileType = sourcecode.c.h; path = TreeNode.h; sourceTree = "<group>"; };
		CE71293315339F9A0034DD62 /* TreeNode.m */ = {isa = PBXFileReference; fileEncoding = 4; lastKnownFileType = sourcecode.c.objc; path = TreeNode.m; sourceTree = "<group>"; };
		CE71293415339F9A0034DD62 /* TreeNodeCell.h */ = {isa = PBXFileReference; fileEncoding = 4; lastKnownFileType = sourcecode.c.h; path = TreeNodeCell.h; sourceTree = "<group>"; };
		CE71293515339F9A0034DD62 /* TreeNodeCell.m */ = {isa = PBXFileReference; fileEncoding = 4; lastKnownFileType = sourcecode.c.objc; path = TreeNodeCell.m; sourceTree = "<group>"; };
		CE73130E1533BC6E00CE51D2 /* folder_small.png */ = {isa = PBXFileReference; lastKnownFileType = image.png; path = folder_small.png; sourceTree = "<group>"; };
		CE7DD13C1507D2DA0011FBC6 /* HTTPHandler.h */ = {isa = PBXFileReference; fileEncoding = 4; lastKnownFileType = sourcecode.c.h; path = HTTPHandler.h; sourceTree = "<group>"; };
		CE7DD13D1507D2DA0011FBC6 /* HTTPHandler.m */ = {isa = PBXFileReference; fileEncoding = 4; lastKnownFileType = sourcecode.c.objc; path = HTTPHandler.m; sourceTree = "<group>"; };
		CE836EDE14FD7A6200F85032 /* Constant.h */ = {isa = PBXFileReference; fileEncoding = 4; lastKnownFileType = sourcecode.c.h; path = Constant.h; sourceTree = "<group>"; };
		CE836EE114FD7CD700F85032 /* HomeServerViewController.h */ = {isa = PBXFileReference; fileEncoding = 4; lastKnownFileType = sourcecode.c.h; path = HomeServerViewController.h; sourceTree = "<group>"; };
		CE836EE214FD7CD700F85032 /* HomeServerViewController.m */ = {isa = PBXFileReference; fileEncoding = 4; lastKnownFileType = sourcecode.c.objc; path = HomeServerViewController.m; sourceTree = "<group>"; };
		CE836EE414FD7CF300F85032 /* RemoteServerViewController.h */ = {isa = PBXFileReference; fileEncoding = 4; lastKnownFileType = sourcecode.c.h; path = RemoteServerViewController.h; sourceTree = "<group>"; };
		CE836EE514FD7CF300F85032 /* RemoteServerViewController.m */ = {isa = PBXFileReference; fileEncoding = 4; lastKnownFileType = sourcecode.c.objc; path = RemoteServerViewController.m; sourceTree = "<group>"; };
		CE8370B014FDA08400F85032 /* ServerListViewCell.h */ = {isa = PBXFileReference; fileEncoding = 4; lastKnownFileType = sourcecode.c.h; path = ServerListViewCell.h; sourceTree = "<group>"; };
		CE8370B114FDA08400F85032 /* ServerListViewCell.m */ = {isa = PBXFileReference; fileEncoding = 4; lastKnownFileType = sourcecode.c.objc; path = ServerListViewCell.m; sourceTree = "<group>"; };
		CE8370B314FDA74D00F85032 /* DataAdapter.h */ = {isa = PBXFileReference; fileEncoding = 4; lastKnownFileType = sourcecode.c.h; path = DataAdapter.h; sourceTree = "<group>"; };
		CE8370B414FDA74D00F85032 /* DataAdapter.m */ = {isa = PBXFileReference; fileEncoding = 4; lastKnownFileType = sourcecode.c.objc; path = DataAdapter.m; sourceTree = "<group>"; };
		CE83FA16153E4EB80059AD87 /* ServerInformation.h */ = {isa = PBXFileReference; fileEncoding = 4; lastKnownFileType = sourcecode.c.h; path = ServerInformation.h; sourceTree = "<group>"; };
		CE83FA17153E4EB80059AD87 /* ServerInformation.m */ = {isa = PBXFileReference; fileEncoding = 4; lastKnownFileType = sourcecode.c.objc; path = ServerInformation.m; sourceTree = "<group>"; };
		CE8524E51505EBD20089F406 /* QuartzCore.framework */ = {isa = PBXFileReference; lastKnownFileType = wrapper.framework; name = QuartzCore.framework; path = System/Library/Frameworks/QuartzCore.framework; sourceTree = SDKROOT; };
		CE85255B150672950089F406 /* DummyMainController.h */ = {isa = PBXFileReference; fileEncoding = 4; lastKnownFileType = sourcecode.c.h; path = DummyMainController.h; sourceTree = "<group>"; };
		CE85255C150672950089F406 /* DummyMainController.m */ = {isa = PBXFileReference; fileEncoding = 4; lastKnownFileType = sourcecode.c.objc; path = DummyMainController.m; sourceTree = "<group>"; };
		CE86265D151139CB00C717FC /* DLSController.h */ = {isa = PBXFileReference; fileEncoding = 4; lastKnownFileType = sourcecode.c.h; path = DLSController.h; sourceTree = "<group>"; };
		CE86265E151139CB00C717FC /* DLSController.m */ = {isa = PBXFileReference; fileEncoding = 4; lastKnownFileType = sourcecode.c.objc; path = DLSController.m; sourceTree = "<group>"; };
/* End PBXFileReference section */

/* Begin PBXFrameworksBuildPhase section */
		1D60588F0D05DD3D006BFB54 /* Frameworks */ = {
			isa = PBXFrameworksBuildPhase;
			buildActionMask = 2147483647;
			files = (
				1D60589F0D05DD5A006BFB54 /* Foundation.framework in Frameworks */,
				1DF5F4E00D08C38300B7A737 /* UIKit.framework in Frameworks */,
				288765A50DF7441C002DB57D /* CoreGraphics.framework in Frameworks */,
				CE8524E61505EBD20089F406 /* QuartzCore.framework in Frameworks */,
			);
			runOnlyForDeploymentPostprocessing = 0;
		};
/* End PBXFrameworksBuildPhase section */

/* Begin PBXGroup section */
		080E96DDFE201D6D7F000001 /* Classes */ = {
			isa = PBXGroup;
			children = (
				CE836EE714FD7D2F00F85032 /* DataFetcher */,
				CE836EDF14FD7AEB00F85032 /* uiControllers */,
				1D3623240D0F684500981E51 /* StorkAppDelegate.h */,
				1D3623250D0F684500981E51 /* StorkAppDelegate.m */,
				CE836EDE14FD7A6200F85032 /* Constant.h */,
			);
			path = Classes;
			sourceTree = "<group>";
		};
		19C28FACFE9D520D11CA2CBB /* Products */ = {
			isa = PBXGroup;
			children = (
				1D6058910D05DD3D006BFB54 /* Stork.app */,
			);
			name = Products;
			sourceTree = "<group>";
		};
		29B97314FDCFA39411CA2CEA /* CustomTemplate */ = {
			isa = PBXGroup;
			children = (
				080E96DDFE201D6D7F000001 /* Classes */,
				29B97315FDCFA39411CA2CEA /* Other Sources */,
				29B97317FDCFA39411CA2CEA /* Resources */,
				29B97323FDCFA39411CA2CEA /* Frameworks */,
				19C28FACFE9D520D11CA2CBB /* Products */,
			);
			name = CustomTemplate;
			sourceTree = "<group>";
		};
		29B97315FDCFA39411CA2CEA /* Other Sources */ = {
			isa = PBXGroup;
			children = (
				32CA4F630368D1EE00C91783 /* Stork_Prefix.pch */,
				29B97316FDCFA39411CA2CEA /* main.m */,
			);
			name = "Other Sources";
			sourceTree = "<group>";
		};
		29B97317FDCFA39411CA2CEA /* Resources */ = {
			isa = PBXGroup;
			children = (
				CE73130E1533BC6E00CE51D2 /* folder_small.png */,
				CE71292215339EF00034DD62 /* minus.png */,
				CE71292315339EF00034DD62 /* plus.png */,
				CE71291A15339EB80034DD62 /* checkbox.png */,
				CE71291B15339EB80034DD62 /* checkbox_empty.png */,
				CE71291C15339EB80034DD62 /* checkbox_full.png */,
				CE71291D15339EB80034DD62 /* checkbox-checked.png */,
				28AD733E0D9D9553002E5188 /* MainWindow.xib */,
				8D1107310486CEB800E47090 /* Stork-Info.plist */,
			);
			name = Resources;
			sourceTree = "<group>";
		};
		29B97323FDCFA39411CA2CEA /* Frameworks */ = {
			isa = PBXGroup;
			children = (
				CE8524E51505EBD20089F406 /* QuartzCore.framework */,
				1DF5F4DF0D08C38300B7A737 /* UIKit.framework */,
				1D30AB110D05D00D00671497 /* Foundation.framework */,
				288765A40DF7441C002DB57D /* CoreGraphics.framework */,
			);
			name = Frameworks;
			sourceTree = "<group>";
		};
		CE836EDF14FD7AEB00F85032 /* uiControllers */ = {
			isa = PBXGroup;
			children = (
				CE71292E15339F9A0034DD62 /* Stack.h */,
				CE71292F15339F9A0034DD62 /* Stack.m */,
				CE71293015339F9A0034DD62 /* Tree.h */,
				CE71293115339F9A0034DD62 /* Tree.m */,
				CE71293215339F9A0034DD62 /* TreeNode.h */,
				CE71293315339F9A0034DD62 /* TreeNode.m */,
				CE71293415339F9A0034DD62 /* TreeNodeCell.h */,
				CE71293515339F9A0034DD62 /* TreeNodeCell.m */,
				CE836EE114FD7CD700F85032 /* HomeServerViewController.h */,
				CE836EE214FD7CD700F85032 /* HomeServerViewController.m */,
				CE836EE414FD7CF300F85032 /* RemoteServerViewController.h */,
				CE836EE514FD7CF300F85032 /* RemoteServerViewController.m */,
				CE8370B014FDA08400F85032 /* ServerListViewCell.h */,
				CE8370B114FDA08400F85032 /* ServerListViewCell.m */,
				CE85255B150672950089F406 /* DummyMainController.h */,
				CE85255C150672950089F406 /* DummyMainController.m */,
				CE86265D151139CB00C717FC /* DLSController.h */,
				CE86265E151139CB00C717FC /* DLSController.m */,
			);
			name = uiControllers;
			sourceTree = "<group>";
		};
		CE836EE714FD7D2F00F85032 /* DataFetcher */ = {
			isa = PBXGroup;
			children = (
				CE8370B314FDA74D00F85032 /* DataAdapter.h */,
				CE8370B414FDA74D00F85032 /* DataAdapter.m */,
				CE7DD13C1507D2DA0011FBC6 /* HTTPHandler.h */,
				CE7DD13D1507D2DA0011FBC6 /* HTTPHandler.m */,
				CE83FA16153E4EB80059AD87 /* ServerInformation.h */,
				CE83FA17153E4EB80059AD87 /* ServerInformation.m */,
			);
			name = DataFetcher;
			sourceTree = "<group>";
		};
/* End PBXGroup section */

/* Begin PBXNativeTarget section */
		1D6058900D05DD3D006BFB54 /* Stork */ = {
			isa = PBXNativeTarget;
			buildConfigurationList = 1D6058960D05DD3E006BFB54 /* Build configuration list for PBXNativeTarget "Stork" */;
			buildPhases = (
				1D60588D0D05DD3D006BFB54 /* Resources */,
				1D60588E0D05DD3D006BFB54 /* Sources */,
				1D60588F0D05DD3D006BFB54 /* Frameworks */,
			);
			buildRules = (
			);
			dependencies = (
			);
			name = Stork;
			productName = Stork;
			productReference = 1D6058910D05DD3D006BFB54 /* Stork.app */;
			productType = "com.apple.product-type.application";
		};
/* End PBXNativeTarget section */

/* Begin PBXProject section */
		29B97313FDCFA39411CA2CEA /* Project object */ = {
			isa = PBXProject;
			buildConfigurationList = C01FCF4E08A954540054247B /* Build configuration list for PBXProject "Stork" */;
			compatibilityVersion = "Xcode 3.2";
			developmentRegion = English;
			hasScannedForEncodings = 1;
			knownRegions = (
				English,
				Japanese,
				French,
				German,
			);
			mainGroup = 29B97314FDCFA39411CA2CEA /* CustomTemplate */;
			projectDirPath = "";
			projectRoot = "";
			targets = (
				1D6058900D05DD3D006BFB54 /* Stork */,
			);
		};
/* End PBXProject section */

/* Begin PBXResourcesBuildPhase section */
		1D60588D0D05DD3D006BFB54 /* Resources */ = {
			isa = PBXResourcesBuildPhase;
			buildActionMask = 2147483647;
			files = (
				28AD733F0D9D9553002E5188 /* MainWindow.xib in Resources */,
				CE71291E15339EB80034DD62 /* checkbox.png in Resources */,
				CE71291F15339EB80034DD62 /* checkbox_empty.png in Resources */,
				CE71292015339EB80034DD62 /* checkbox_full.png in Resources */,
				CE71292115339EB80034DD62 /* checkbox-checked.png in Resources */,
				CE71292415339EF00034DD62 /* minus.png in Resources */,
				CE71292515339EF00034DD62 /* plus.png in Resources */,
				CE73130F1533BC6E00CE51D2 /* folder_small.png in Resources */,
			);
			runOnlyForDeploymentPostprocessing = 0;
		};
/* End PBXResourcesBuildPhase section */

/* Begin PBXSourcesBuildPhase section */
		1D60588E0D05DD3D006BFB54 /* Sources */ = {
			isa = PBXSourcesBuildPhase;
			buildActionMask = 2147483647;
			files = (
				1D60589B0D05DD56006BFB54 /* main.m in Sources */,
				1D3623260D0F684500981E51 /* StorkAppDelegate.m in Sources */,
				CE836EE314FD7CD700F85032 /* HomeServerViewController.m in Sources */,
				CE836EE614FD7CF300F85032 /* RemoteServerViewController.m in Sources */,
				CE8370B214FDA08400F85032 /* ServerListViewCell.m in Sources */,
				CE8370B514FDA74D00F85032 /* DataAdapter.m in Sources */,
				CE85255D150672950089F406 /* DummyMainController.m in Sources */,
				CE7DD13E1507D2DA0011FBC6 /* HTTPHandler.m in Sources */,
				CE86265F151139CB00C717FC /* DLSController.m in Sources */,
				CE71293615339F9A0034DD62 /* Stack.m in Sources */,
				CE71293715339F9A0034DD62 /* Tree.m in Sources */,
				CE71293815339F9A0034DD62 /* TreeNode.m in Sources */,
				CE71293915339F9A0034DD62 /* TreeNodeCell.m in Sources */,
				CE83FA18153E4EB80059AD87 /* ServerInformation.m in Sources */,
			);
			runOnlyForDeploymentPostprocessing = 0;
		};
/* End PBXSourcesBuildPhase section */

/* Begin XCBuildConfiguration section */
		1D6058940D05DD3E006BFB54 /* Debug */ = {
			isa = XCBuildConfiguration;
			buildSettings = {
				ALWAYS_SEARCH_USER_PATHS = NO;
				COPY_PHASE_STRIP = NO;
				GCC_DYNAMIC_NO_PIC = NO;
				GCC_OPTIMIZATION_LEVEL = 0;
				GCC_PRECOMPILE_PREFIX_HEADER = YES;
				GCC_PREFIX_HEADER = Stork_Prefix.pch;
				INFOPLIST_FILE = "Stork-Info.plist";
				PRODUCT_NAME = Stork;
			};
			name = Debug;
		};
		1D6058950D05DD3E006BFB54 /* Release */ = {
			isa = XCBuildConfiguration;
			buildSettings = {
				ALWAYS_SEARCH_USER_PATHS = NO;
				COPY_PHASE_STRIP = YES;
				GCC_PRECOMPILE_PREFIX_HEADER = YES;
				GCC_PREFIX_HEADER = Stork_Prefix.pch;
				INFOPLIST_FILE = "Stork-Info.plist";
				PRODUCT_NAME = Stork;
				VALIDATE_PRODUCT = YES;
			};
			name = Release;
		};
		C01FCF4F08A954540054247B /* Debug */ = {
			isa = XCBuildConfiguration;
			buildSettings = {
				ARCHS = "$(ARCHS_STANDARD_32_BIT)";
				"CODE_SIGN_IDENTITY[sdk=iphoneos*]" = "iPhone Developer";
				GCC_C_LANGUAGE_STANDARD = c99;
				GCC_WARN_ABOUT_RETURN_TYPE = YES;
				GCC_WARN_UNUSED_VARIABLE = YES;
				PREBINDING = NO;
				SDKROOT = iphoneos;
			};
			name = Debug;
		};
		C01FCF5008A954540054247B /* Release */ = {
			isa = XCBuildConfiguration;
			buildSettings = {
				ARCHS = "$(ARCHS_STANDARD_32_BIT)";
				"CODE_SIGN_IDENTITY[sdk=iphoneos*]" = "iPhone Developer";
				GCC_C_LANGUAGE_STANDARD = c99;
				GCC_WARN_ABOUT_RETURN_TYPE = YES;
				GCC_WARN_UNUSED_VARIABLE = YES;
				OTHER_CFLAGS = "-DNS_BLOCK_ASSERTIONS=1";
				PREBINDING = NO;
				SDKROOT = iphoneos;
			};
			name = Release;
		};
/* End XCBuildConfiguration section */

/* Begin XCConfigurationList section */
		1D6058960D05DD3E006BFB54 /* Build configuration list for PBXNativeTarget "Stork" */ = {
			isa = XCConfigurationList;
			buildConfigurations = (
				1D6058940D05DD3E006BFB54 /* Debug */,
				1D6058950D05DD3E006BFB54 /* Release */,
			);
			defaultConfigurationIsVisible = 0;
			defaultConfigurationName = Release;
		};
		C01FCF4E08A954540054247B /* Build configuration list for PBXProject "Stork" */ = {
			isa = XCConfigurationList;
			buildConfigurations = (
				C01FCF4F08A954540054247B /* Debug */,
				C01FCF5008A954540054247B /* Release */,
			);
			defaultConfigurationIsVisible = 0;
			defaultConfigurationName = Release;
		};
/* End XCConfigurationList section */
	};
	rootObject = 29B97313FDCFA39411CA2CEA /* Project object */;
}
